{
  "name": "@frostr/permafrost",
  "version": "1.0.0",
  "lockfileVersion": 3,
  "requires": true,
  "packages": {
    "": {
      "name": "@frostr/permafrost",
      "version": "1.0.0",
      "dependencies": {
        "@cmdcode/buff": "^2.2.5",
        "@frostr/bifrost": "^1.0.0",
        "@noble/ciphers": "^1.2.1",
        "@noble/curves": "^1.8.1"
      },
      "devDependencies": {
        "@types/node": "^22.10.5",
        "bun-types": "latest"
      }
    },
    "node_modules/@cmdcode/buff": {
      "version": "2.2.5",
      "license": "CC-BY-1.0",
      "dependencies": {
        "@noble/hashes": "^1.3.3",
        "@scure/base": "^1.1.5"
      }
    },
    "node_modules/@cmdcode/frost": {
      "version": "1.1.3",
      "resolved": "https://registry.npmjs.org/@cmdcode/frost/-/frost-1.1.3.tgz",
      "integrity": "sha512-Aap5+IqJCisHJzdFJS4h+i5IRaw/yrZ5m5tpoGpKPBljMWjH3K17iD53VvLEQPI85l2asDrjj8vnrFKlwnK7zw==",
      "license": "MIT",
      "dependencies": {
        "@cmdcode/buff": "^2.2.5",
        "@noble/curves": "^1.6.0",
        "@noble/hashes": "^1.5.0"
      }
    },
    "node_modules/@cmdcode/nostr-p2p": {
      "version": "2.0.11",
      "license": "MIT",
      "dependencies": {
        "@cmdcode/buff": "^2.2.5",
        "@noble/ciphers": "^1.0.0",
        "@noble/curves": "^1.6.0",
        "nostr-tools": "^2.10.4",
        "zod": "^3.23.8"
      }
    },
    "node_modules/@frostr/bifrost": {
      "version": "1.0.0",
      "resolved": "https://registry.npmjs.org/@frostr/bifrost/-/bifrost-1.0.0.tgz",
      "integrity": "sha512-iujU+hObOgnCSU6PDLywGt1Z3/4isN/Mf1rvXL3Df41zkhCIoVI0YqPL+5pWgM0MU0hBoW1T3T0EQvK+i8trnA==",
      "license": "MIT",
      "dependencies": {
        "@cmdcode/buff": "^2.2.5",
        "@cmdcode/frost": "^1.1.3",
        "@cmdcode/nostr-p2p": "^2.0.11",
        "@noble/ciphers": "^1.2.1",
        "@noble/curves": "^1.8.1",
        "zod": "^3.24.1"
      }
    },
    "node_modules/@noble/ciphers": {
      "version": "1.2.1",
      "license": "MIT",
      "engines": {
        "node": "^14.21.3 || >=16"
      },
      "funding": {
        "url": "https://paulmillr.com/funding/"
      }
    },
    "node_modules/@noble/curves": {
      "version": "1.8.1",
      "license": "MIT",
      "dependencies": {
        "@noble/hashes": "1.7.1"
      },
      "engines": {
        "node": "^14.21.3 || >=16"
      },
      "funding": {
        "url": "https://paulmillr.com/funding/"
      }
    },
    "node_modules/@noble/hashes": {
      "version": "1.7.1",
      "license": "MIT",
      "engines": {
        "node": "^14.21.3 || >=16"
      },
      "funding": {
        "url": "https://paulmillr.com/funding/"
      }
    },
    "node_modules/@scure/base": {
      "version": "1.2.4",
      "license": "MIT",
      "funding": {
        "url": "https://paulmillr.com/funding/"
      }
    },
    "node_modules/@scure/bip32": {
      "version": "1.3.1",
      "license": "MIT",
      "dependencies": {
        "@noble/curves": "~1.1.0",
        "@noble/hashes": "~1.3.1",
        "@scure/base": "~1.1.0"
      },
      "funding": {
        "url": "https://paulmillr.com/funding/"
      }
    },
    "node_modules/@scure/bip32/node_modules/@noble/curves": {
      "version": "1.1.0",
      "license": "MIT",
      "dependencies": {
        "@noble/hashes": "1.3.1"
      },
      "funding": {
        "url": "https://paulmillr.com/funding/"
      }
    },
    "node_modules/@scure/bip32/node_modules/@noble/curves/node_modules/@noble/hashes": {
      "version": "1.3.1",
      "license": "MIT",
      "engines": {
        "node": ">= 16"
      },
      "funding": {
        "url": "https://paulmillr.com/funding/"
      }
    },
    "node_modules/@scure/bip32/node_modules/@noble/hashes": {
      "version": "1.3.2",
      "license": "MIT",
      "engines": {
        "node": ">= 16"
      },
      "funding": {
        "url": "https://paulmillr.com/funding/"
      }
    },
    "node_modules/@scure/bip32/node_modules/@scure/base": {
      "version": "1.1.1",
      "funding": [
        {
          "type": "individual",
          "url": "https://paulmillr.com/funding/"
        }
      ],
      "license": "MIT"
    },
    "node_modules/@scure/bip39": {
      "version": "1.2.1",
      "license": "MIT",
      "dependencies": {
        "@noble/hashes": "~1.3.0",
        "@scure/base": "~1.1.0"
      },
      "funding": {
        "url": "https://paulmillr.com/funding/"
      }
    },
    "node_modules/@scure/bip39/node_modules/@noble/hashes": {
      "version": "1.3.2",
      "license": "MIT",
      "engines": {
        "node": ">= 16"
      },
      "funding": {
        "url": "https://paulmillr.com/funding/"
      }
    },
    "node_modules/@scure/bip39/node_modules/@scure/base": {
      "version": "1.1.1",
      "funding": [
        {
          "type": "individual",
          "url": "https://paulmillr.com/funding/"
        }
      ],
      "license": "MIT"
    },
    "node_modules/@types/node": {
      "version": "22.13.5",
      "dev": true,
      "license": "MIT",
      "dependencies": {
        "undici-types": "~6.20.0"
      }
    },
    "node_modules/@types/ws": {
      "version": "8.5.14",
      "dev": true,
      "license": "MIT",
      "dependencies": {
        "@types/node": "*"
      }
    },
    "node_modules/bun-types": {
      "version": "1.2.4",
      "resolved": "https://registry.npmjs.org/bun-types/-/bun-types-1.2.4.tgz",
      "integrity": "sha512-nDPymR207ZZEoWD4AavvEaa/KZe/qlrbMSchqpQwovPZCKc7pwMoENjEtHgMKaAjJhy+x6vfqSBA1QU3bJgs0Q==",
      "dev": true,
      "license": "MIT",
      "dependencies": {
        "@types/node": "*",
        "@types/ws": "~8.5.10"
      }
    },
    "node_modules/nostr-tools": {
      "version": "2.10.4",
      "license": "Unlicense",
      "dependencies": {
        "@noble/ciphers": "^0.5.1",
        "@noble/curves": "1.2.0",
        "@noble/hashes": "1.3.1",
        "@scure/base": "1.1.1",
        "@scure/bip32": "1.3.1",
        "@scure/bip39": "1.2.1"
      },
      "optionalDependencies": {
        "nostr-wasm": "0.1.0"
      },
      "peerDependencies": {
        "typescript": ">=5.0.0"
      },
      "peerDependenciesMeta": {
        "typescript": {
          "optional": true
        }
      }
    },
    "node_modules/nostr-tools/node_modules/@noble/ciphers": {
      "version": "0.5.3",
      "license": "MIT",
      "funding": {
        "url": "https://paulmillr.com/funding/"
      }
    },
    "node_modules/nostr-tools/node_modules/@noble/curves": {
      "version": "1.2.0",
      "license": "MIT",
      "dependencies": {
        "@noble/hashes": "1.3.2"
      },
      "funding": {
        "url": "https://paulmillr.com/funding/"
      }
    },
    "node_modules/nostr-tools/node_modules/@noble/curves/node_modules/@noble/hashes": {
      "version": "1.3.2",
      "license": "MIT",
      "engines": {
        "node": ">= 16"
      },
      "funding": {
        "url": "https://paulmillr.com/funding/"
      }
    },
    "node_modules/nostr-tools/node_modules/@noble/hashes": {
      "version": "1.3.1",
      "license": "MIT",
      "engines": {
        "node": ">= 16"
      },
      "funding": {
        "url": "https://paulmillr.com/funding/"
      }
    },
    "node_modules/nostr-tools/node_modules/@scure/base": {
      "version": "1.1.1",
      "funding": [
        {
          "type": "individual",
          "url": "https://paulmillr.com/funding/"
        }
      ],
      "license": "MIT"
    },
    "node_modules/nostr-wasm": {
      "version": "0.1.0",
      "license": "MIT",
      "optional": true
    },
    "node_modules/undici-types": {
      "version": "6.20.0",
      "dev": true,
      "license": "MIT"
    },
    "node_modules/zod": {
      "version": "3.24.2",
      "license": "MIT",
      "funding": {
        "url": "https://github.com/sponsors/colinhacks"
      }
    }
  }
}
